
Microsoft Visual Studio Solution File, Format Version 12.00
# Visual Studio 15
VisualStudioVersion = 15.0.26730.12
MinimumVisualStudioVersion = 10.0.40219.1
Project("{8BC9CEB8-8B4A-11D0-8D11-00A0C91BC942}") = "MW-Offline-Viewer", "MW-Offline-Viewer.vcxproj", "{6838ADFC-1EDD-41F1-99DB-95F1B1ADB07D}"
EndProject
Global
	GlobalSection(SolutionConfigurationPlatforms) = preSolution
		Debug|x64 = Debug|x64
		Debug|x86 = Debug|x86
		Release|x64 = Release|x64
		Release|x86 = Release|x86
	EndGlobalSection
	GlobalSection(ProjectConfigurationPlatforms) = postSolution
		{6838ADFC-1EDD-41F1-99DB-95F1B1ADB07D}.Debug|x64.ActiveCfg = Debug|x64
		{6838ADFC-1EDD-41F1-99DB-95F1B1ADB07D}.Debug|x64.Build.0 = Debug|x64
		{6838ADFC-1EDD-41F1-99DB-95F1B1ADB07D}.Debug|x86.ActiveCfg = Debug|Win32
		{6838ADFC-1EDD-41F1-99DB-95F1B1ADB07D}.Debug|x86.Build.0 = Debug|Win32
		{6838ADFC-1EDD-41F1-99DB-95F1B1ADB07D}.Release|x64.ActiveCfg = Release|x64
		{6838ADFC-1EDD-41F1-99DB-95F1B1ADB07D}.Release|x64.Build.0 = Release|x64
		{6838ADFC-1EDD-41F1-99DB-95F1B1ADB07D}.Release|x86.ActiveCfg = Release|Win32
		{6838ADFC-1EDD-41F1-99DB-95F1B1ADB07D}.Release|x86.Build.0 = Release|Win32
	EndGlobalSection
	GlobalSection(SolutionProperties) = preSolution
		HideSolutionNode = FALSE
	EndGlobalSection
	GlobalSection(ExtensibilityGlobals) = postSolution
		SolutionGuid = {5249CAC3-B1CF-41C6-95FE-2B288438A2ED}
	EndGlobalSection
EndGlobal
